PODS:
  - Cordova (6.1.1):
    - Cordova/Cordova (= 6.1.1)
  - Cordova/Cordova (6.1.1)
  - CordovaRTC (1.0.4):
    - Cordova
  - DigitalIDZoomAuthenticationCordovaPlugin (0.2.7):
    - Cordova

DEPENDENCIES:
  - Cordova
  - CordovaRTC (= 1.0.4)
  - DigitalIDZoomAuthenticationCordovaPlugin

SPEC REPOS:
  https://github.com/CocoaPods/Specs.git:
    - CordovaRTC
    - DigitalIDZoomAuthenticationCordovaPlugin
  trunk:
    - Cordova

SPEC CHECKSUMS:
  Cordova: eea60c20c8262ae4aecc15e78fe6e03543c2cde4
  CordovaRTC: 31e6e20e0bdd01f502af72854f6d4278bf92f809
  DigitalIDZoomAuthenticationCordovaPlugin: 240df2b2ad8f32da1b6e2a1ffbe5ae306b50bdd6

PODFILE CHECKSUM: 94b6c1b70344b6e6e61237d3926770a32a7cd0f9

COCOAPODS: 1.10.0
